{
  "pins" : [
    {
      "identity" : "codescanner",
      "kind" : "remoteSourceControl",
      "location" : "https://github.com/twostraws/CodeScanner",
      "state" : {
        "revision" : "c7859712034a08bb5a018fbe8751c1f1edc4b248",
        "version" : "2.2.1"
      }
    },
    {
      "identity" : "drops",
      "kind" : "remoteSourceControl",
      "location" : "https://github.com/omaralbeik/Drops",
      "state" : {
        "revision" : "f4eabe3e4e5da69e5205a69a5ddc0effd4a90519",
        "version" : "1.6.1"
      }
    },
    {
      "identity" : "skeletonui",
      "kind" : "remoteSourceControl",
      "location" : "https://github.com/CSolanaM/SkeletonUI.git",
      "state" : {
        "revision" : "98225dbb0459477dfeac063e1c7d0750102325d1",
        "version" : "1.0.9"
      }
    },
    {
      "identity" : "swift-snapshot-testing",
      "kind" : "remoteSourceControl",
      "location" : "https://github.com/pointfreeco/swift-snapshot-testing",
      "state" : {
        "revision" : "f29e2014f6230cf7d5138fc899da51c7f513d467",
        "version" : "1.10.0"
      }
    }
  ],
  "version" : 2
}
